// !$*UTF8*$!
{
	archiveVersion = 1;
	classes = {
	};
	objectVersion = 50;
	objects = {

/* Begin PBXBuildFile section */
		1F0B91302487D49A008DEEA7 /* AppDelegate.swift in Sources */ = {isa = PBXBuildFile; fileRef = 1F0B912F2487D49A008DEEA7 /* AppDelegate.swift */; };
		1F0B91322487D49A008DEEA7 /* ViewController.swift in Sources */ = {isa = PBXBuildFile; fileRef = 1F0B91312487D49A008DEEA7 /* ViewController.swift */; };
		1F0B91352487D49A008DEEA7 /* Main.storyboard in Resources */ = {isa = PBXBuildFile; fileRef = 1F0B91332487D49A008DEEA7 /* Main.storyboard */; };
		1F0B91372487D49B008DEEA7 /* Assets.xcassets in Resources */ = {isa = PBXBuildFile; fileRef = 1F0B91362487D49B008DEEA7 /* Assets.xcassets */; };
		1F0B913A2487D49B008DEEA7 /* LaunchScreen.storyboard in Resources */ = {isa = PBXBuildFile; fileRef = 1F0B91382487D49B008DEEA7 /* LaunchScreen.storyboard */; };
		1F0B91452487D49C008DEEA7 /* kpTests.swift in Sources */ = {isa = PBXBuildFile; fileRef = 1F0B91442487D49C008DEEA7 /* kpTests.swift */; };
		1F0B91502487D49C008DEEA7 /* kpUITests.swift in Sources */ = {isa = PBXBuildFile; fileRef = 1F0B914F2487D49C008DEEA7 /* kpUITests.swift */; };
/* End PBXBuildFile section */

/* Begin PBXContainerItemProxy section */
		1F0B91412487D49C008DEEA7 /* PBXContainerItemProxy */ = {
			isa = PBXContainerItemProxy;
			containerPortal = 1F0B91242487D49A008DEEA7 /* Project object */;
			proxyType = 1;
			remoteGlobalIDString = 1F0B912B2487D49A008DEEA7;
			remoteInfo = kp;
		};
		1F0B914C2487D49C008DEEA7 /* PBXContainerItemProxy */ = {
			isa = PBXContainerItemProxy;
			containerPortal = 1F0B91242487D49A008DEEA7 /* Project object */;
			proxyType = 1;
			remoteGlobalIDString = 1F0B912B2487D49A008DEEA7;
			remoteInfo = kp;
		};
/* End PBXContainerItemProxy section */

/* Begin PBXFileReference section */
		1F0B912C2487D49A008DEEA7 /* kp.app */ = {isa = PBXFileReference; explicitFileType = wrapper.application; includeInIndex = 0; path = kp.app; sourceTree = BUILT_PRODUCTS_DIR; };
		1F0B912F2487D49A008DEEA7 /* AppDelegate.swift */ = {isa = PBXFileReference; lastKnownFileType = sourcecode.swift; path = AppDelegate.swift; sourceTree = "<group>"; };
		1F0B91312487D49A008DEEA7 /* ViewController.swift */ = {isa = PBXFileReference; lastKnownFileType = sourcecode.swift; path = ViewController.swift; sourceTree = "<group>"; };
		1F0B91342487D49A008DEEA7 /* Base */ = {isa = PBXFileReference; lastKnownFileType = file.storyboard; name = Base; path = Base.lproj/Main.storyboard; sourceTree = "<group>"; };
		1F0B91362487D49B008DEEA7 /* Assets.xcassets */ = {isa = PBXFileReference; lastKnownFileType = folder.assetcatalog; path = Assets.xcassets; sourceTree = "<group>"; };
		1F0B91392487D49B008DEEA7 /* Base */ = {isa = PBXFileReference; lastKnownFileType = file.storyboard; name = Base; path = Base.lproj/LaunchScreen.storyboard; sourceTree = "<group>"; };
		1F0B913B2487D49C008DEEA7 /* Info.plist */ = {isa = PBXFileReference; lastKnownFileType = text.plist.xml; path = Info.plist; sourceTree = "<group>"; };
		1F0B91402487D49C008DEEA7 /* kpTests.xctest */ = {isa = PBXFileReference; explicitFileType = wrapper.cfbundle; includeInIndex = 0; path = kpTests.xctest; sourceTree = BUILT_PRODUCTS_DIR; };
		1F0B91442487D49C008DEEA7 /* kpTests.swift */ = {isa = PBXFileReference; lastKnownFileType = sourcecode.swift; path = kpTests.swift; sourceTree = "<group>"; };
		1F0B91462487D49C008DEEA7 /* Info.plist */ = {isa = PBXFileReference; lastKnownFileType = text.plist.xml; path = Info.plist; sourceTree = "<group>"; };
		1F0B914B2487D49C008DEEA7 /* kpUITests.xctest */ = {isa = PBXFileReference; explicitFileType = wrapper.cfbundle; includeInIndex = 0; path = kpUITests.xctest; sourceTree = BUILT_PRODUCTS_DIR; };
		1F0B914F2487D49C008DEEA7 /* kpUITests.swift */ = {isa = PBXFileReference; lastKnownFileType = sourcecode.swift; path = kpUITests.swift; sourceTree = "<group>"; };
		1F0B91512487D49C008DEEA7 /* Info.plist */ = {isa = PBXFileReference; lastKnownFileType = text.plist.xml; path = Info.plist; sourceTree = "<group>"; };
/* End PBXFileReference section */

/* Begin PBXFrameworksBuildPhase section */
		1F0B91292487D49A008DEEA7 /* Frameworks */ = {
			isa = PBXFrameworksBuildPhase;
			buildActionMask = 2147483647;
			files = (
			);
			runOnlyForDeploymentPostprocessing = 0;
		};
		1F0B913D2487D49C008DEEA7 /* Frameworks */ = {
			isa = PBXFrameworksBuildPhase;
			buildActionMask = 2147483647;
			files = (
			);
			runOnlyForDeploymentPostprocessing = 0;
		};
		1F0B91482487D49C008DEEA7 /* Frameworks */ = {
			isa = PBXFrameworksBuildPhase;
			buildActionMask = 2147483647;
			files = (
			);
			runOnlyForDeploymentPostprocessing = 0;
		};
/* End PBXFrameworksBuildPhase section */

/* Begin PBXGroup section */
		1F0B91232487D49A008DEEA7 = {
			isa = PBXGroup;
			children = (
				1F0B912E2487D49A008DEEA7 /* kp */,
				1F0B91432487D49C008DEEA7 /* kpTests */,
				1F0B914E2487D49C008DEEA7 /* kpUITests */,
				1F0B912D2487D49A008DEEA7 /* Products */,
			);
			sourceTree = "<group>";
		};
		1F0B912D2487D49A008DEEA7 /* Products */ = {
			isa = PBXGroup;
			children = (
				1F0B912C2487D49A008DEEA7 /* kp.app */,
				1F0B91402487D49C008DEEA7 /* kpTests.xctest */,
				1F0B914B2487D49C008DEEA7 /* kpUITests.xctest */,
			);
			name = Products;
			sourceTree = "<group>";
		};
		1F0B912E2487D49A008DEEA7 /* kp */ = {
			isa = PBXGroup;
			children = (
				1F0B912F2487D49A008DEEA7 /* AppDelegate.swift */,
				1F0B91312487D49A008DEEA7 /* ViewController.swift */,
				1F0B91332487D49A008DEEA7 /* Main.storyboard */,
				1F0B91362487D49B008DEEA7 /* Assets.xcassets */,
				1F0B91382487D49B008DEEA7 /* LaunchScreen.storyboard */,
				1F0B913B2487D49C008DEEA7 /* Info.plist */,
			);
			path = kp;
			sourceTree = "<group>";
		};
		1F0B91432487D49C008DEEA7 /* kpTests */ = {
			isa = PBXGroup;
			children = (
				1F0B91442487D49C008DEEA7 /* kpTests.swift */,
				1F0B91462487D49C008DEEA7 /* Info.plist */,
			);
			path = kpTests;
			sourceTree = "<group>";
		};
		1F0B914E2487D49C008DEEA7 /* kpUITests */ = {
			isa = PBXGroup;
			children = (
				1F0B914F2487D49C008DEEA7 /* kpUITests.swift */,
				1F0B91512487D49C008DEEA7 /* Info.plist */,
			);
			path = kpUITests;
			sourceTree = "<group>";
		};
/* End PBXGroup section */

/* Begin PBXNativeTarget section */
		1F0B912B2487D49A008DEEA7 /* kp */ = {
			isa = PBXNativeTarget;
			buildConfigurationList = 1F0B91542487D49C008DEEA7 /* Build configuration list for PBXNativeTarget "kp" */;
			buildPhases = (
				1F0B91282487D49A008DEEA7 /* Sources */,
				1F0B91292487D49A008DEEA7 /* Frameworks */,
				1F0B912A2487D49A008DEEA7 /* Resources */,
			);
			buildRules = (
			);
			dependencies = (
			);
			name = kp;
			productName = kp;
			productReference = 1F0B912C2487D49A008DEEA7 /* kp.app */;
			productType = "com.apple.product-type.application";
		};
		1F0B913F2487D49C008DEEA7 /* kpTests */ = {
			isa = PBXNativeTarget;
			buildConfigurationList = 1F0B91572487D49C008DEEA7 /* Build configuration list for PBXNativeTarget "kpTests" */;
			buildPhases = (
				1F0B913C2487D49C008DEEA7 /* Sources */,
				1F0B913D2487D49C008DEEA7 /* Frameworks */,
				1F0B913E2487D49C008DEEA7 /* Resources */,
			);
			buildRules = (
			);
			dependencies = (
				1F0B91422487D49C008DEEA7 /* PBXTargetDependency */,
			);
			name = kpTests;
			productName = kpTests;
			productReference = 1F0B91402487D49C008DEEA7 /* kpTests.xctest */;
			productType = "com.apple.product-type.bundle.unit-test";
		};
		1F0B914A2487D49C008DEEA7 /* kpUITests */ = {
			isa = PBXNativeTarget;
			buildConfigurationList = 1F0B915A2487D49C008DEEA7 /* Build configuration list for PBXNativeTarget "kpUITests" */;
			buildPhases = (
				1F0B91472487D49C008DEEA7 /* Sources */,
				1F0B91482487D49C008DEEA7 /* Frameworks */,
				1F0B91492487D49C008DEEA7 /* Resources */,
			);
			buildRules = (
			);
			dependencies = (
				1F0B914D2487D49C008DEEA7 /* PBXTargetDependency */,
			);
			name = kpUITests;
			productName = kpUITests;
			productReference = 1F0B914B2487D49C008DEEA7 /* kpUITests.xctest */;
			productType = "com.apple.product-type.bundle.ui-testing";
		};
/* End PBXNativeTarget section */

/* Begin PBXProject section */
		1F0B91242487D49A008DEEA7 /* Project object */ = {
			isa = PBXProject;
			attributes = {
				LastSwiftUpdateCheck = 1000;
				LastUpgradeCheck = 1000;
				ORGANIZATIONNAME = " mymac";
				TargetAttributes = {
					1F0B912B2487D49A008DEEA7 = {
						CreatedOnToolsVersion = 10.0;
					};
					1F0B913F2487D49C008DEEA7 = {
						CreatedOnToolsVersion = 10.0;
						TestTargetID = 1F0B912B2487D49A008DEEA7;
					};
					1F0B914A2487D49C008DEEA7 = {
						CreatedOnToolsVersion = 10.0;
						TestTargetID = 1F0B912B2487D49A008DEEA7;
					};
				};
			};
			buildConfigurationList = 1F0B91272487D49A008DEEA7 /* Build configuration list for PBXProject "kp" */;
			compatibilityVersion = "Xcode 9.3";
			developmentRegion = en;
			hasScannedForEncodings = 0;
			knownRegions = (
				en,
				Base,
			);
			mainGroup = 1F0B91232487D49A008DEEA7;
			productRefGroup = 1F0B912D2487D49A008DEEA7 /* Products */;
			projectDirPath = "";
			projectRoot = "";
			targets = (
				1F0B912B2487D49A008DEEA7 /* kp */,
				1F0B913F2487D49C008DEEA7 /* kpTests */,
				1F0B914A2487D49C008DEEA7 /* kpUITests */,
			);
		};
/* End PBXProject section */

/* Begin PBXResourcesBuildPhase section */
		1F0B912A2487D49A008DEEA7 /* Resources */ = {
			isa = PBXResourcesBuildPhase;
			buildActionMask = 2147483647;
			files = (
				1F0B913A2487D49B008DEEA7 /* LaunchScreen.storyboard in Resources */,
				1F0B91372487D49B008DEEA7 /* Assets.xcassets in Resources */,
				1F0B91352487D49A008DEEA7 /* Main.storyboard in Resources */,
			);
			runOnlyForDeploymentPostprocessing = 0;
		};
		1F0B913E2487D49C008DEEA7 /* Resources */ = {
			isa = PBXResourcesBuildPhase;
			buildActionMask = 2147483647;
			files = (
			);
			runOnlyForDeploymentPostprocessing = 0;
		};
		1F0B91492487D49C008DEEA7 /* Resources */ = {
			isa = PBXResourcesBuildPhase;
			buildActionMask = 2147483647;
			files = (
			);
			runOnlyForDeploymentPostprocessing = 0;
		};
/* End PBXResourcesBuildPhase section */

/* Begin PBXSourcesBuildPhase section */
		1F0B91282487D49A008DEEA7 /* Sources */ = {
			isa = PBXSourcesBuildPhase;
			buildActionMask = 2147483647;
			files = (
				1F0B91322487D49A008DEEA7 /* ViewController.swift in Sources */,
				1F0B91302487D49A008DEEA7 /* AppDelegate.swift in Sources */,
			);
			runOnlyForDeploymentPostprocessing = 0;
		};
		1F0B913C2487D49C008DEEA7 /* Sources */ = {
			isa = PBXSourcesBuildPhase;
			buildActionMask = 2147483647;
			files = (
				1F0B91452487D49C008DEEA7 /* kpTests.swift in Sources */,
			);
			runOnlyForDeploymentPostprocessing = 0;
		};
		1F0B91472487D49C008DEEA7 /* Sources */ = {
			isa = PBXSourcesBuildPhase;
			buildActionMask = 2147483647;
			files = (
				1F0B91502487D49C008DEEA7 /* kpUITests.swift in Sources */,
			);
			runOnlyForDeploymentPostprocessing = 0;
		};
/* End PBXSourcesBuildPhase section */

/* Begin PBXTargetDependency section */
		1F0B91422487D49C008DEEA7 /* PBXTargetDependency */ = {
			isa = PBXTargetDependency;
			target = 1F0B912B2487D49A008DEEA7 /* kp */;
			targetProxy = 1F0B91412487D49C008DEEA7 /* PBXContainerItemProxy */;
		};
		1F0B914D2487D49C008DEEA7 /* PBXTargetDependency */ = {
			isa = PBXTargetDependency;
			target = 1F0B912B2487D49A008DEEA7 /* kp */;
			targetProxy = 1F0B914C2487D49C008DEEA7 /* PBXContainerItemProxy */;
		};
/* End PBXTargetDependency section */

/* Begin PBXVariantGroup section */
		1F0B91332487D49A008DEEA7 /* Main.storyboard */ = {
			isa = PBXVariantGroup;
			children = (
				1F0B91342487D49A008DEEA7 /* Base */,
			);
			name = Main.storyboard;
			sourceTree = "<group>";
		};
		1F0B91382487D49B008DEEA7 /* LaunchScreen.storyboard */ = {
			isa = PBXVariantGroup;
			children = (
				1F0B91392487D49B008DEEA7 /* Base */,
			);
			name = LaunchScreen.storyboard;
			sourceTree = "<group>";
		};
/* End PBXVariantGroup section */

/* Begin XCBuildConfiguration section */
		1F0B91522487D49C008DEEA7 /* Debug */ = {
			isa = XCBuildConfiguration;
			buildSettings = {
				ALWAYS_SEARCH_USER_PATHS = NO;
				CLANG_ANALYZER_NONNULL = YES;
				CLANG_ANALYZER_NUMBER_OBJECT_CONVERSION = YES_AGGRESSIVE;
				CLANG_CXX_LANGUAGE_STANDARD = "gnu++14";
				CLANG_CXX_LIBRARY = "libc++";
				CLANG_ENABLE_MODULES = YES;
				CLANG_ENABLE_OBJC_ARC = YES;
				CLANG_ENABLE_OBJC_WEAK = YES;
				CLANG_WARN_BLOCK_CAPTURE_AUTORELEASING = YES;
				CLANG_WARN_BOOL_CONVERSION = YES;
				CLANG_WARN_COMMA = YES;
				CLANG_WARN_CONSTANT_CONVERSION = YES;
				CLANG_WARN_DEPRECATED_OBJC_IMPLEMENTATIONS = YES;
				CLANG_WARN_DIRECT_OBJC_ISA_USAGE = YES_ERROR;
				CLANG_WARN_DOCUMENTATION_COMMENTS = YES;
				CLANG_WARN_EMPTY_BODY = YES;
				CLANG_WARN_ENUM_CONVERSION = YES;
				CLANG_WARN_INFINITE_RECURSION = YES;
				CLANG_WARN_INT_CONVERSION = YES;
				CLANG_WARN_NON_LITERAL_NULL_CONVERSION = YES;
				CLANG_WARN_OBJC_IMPLICIT_RETAIN_SELF = YES;
				CLANG_WARN_OBJC_LITERAL_CONVERSION = YES;
				CLANG_WARN_OBJC_ROOT_CLASS = YES_ERROR;
				CLANG_WARN_RANGE_LOOP_ANALYSIS = YES;
				CLANG_WARN_STRICT_PROTOTYPES = YES;
				CLANG_WARN_SUSPICIOUS_MOVE = YES;
				CLANG_WARN_UNGUARDED_AVAILABILITY = YES_AGGRESSIVE;
				CLANG_WARN_UNREACHABLE_CODE = YES;
				CLANG_WARN__DUPLICATE_METHOD_MATCH = YES;
				CODE_SIGN_IDENTITY = "iPhone Developer";
				COPY_PHASE_STRIP = NO;
				DEBUG_INFORMATION_FORMAT = dwarf;
				ENABLE_STRICT_OBJC_MSGSEND = YES;
				ENABLE_TESTABILITY = YES;
				GCC_C_LANGUAGE_STANDARD = gnu11;
				GCC_DYNAMIC_NO_PIC = NO;
				GCC_NO_COMMON_BLOCKS = YES;
				GCC_OPTIMIZATION_LEVEL = 0;
				GCC_PREPROCESSOR_DEFINITIONS = (
					"DEBUG=1",
					"$(inherited)",
				);
				GCC_WARN_64_TO_32_BIT_CONVERSION = YES;
				GCC_WARN_ABOUT_RETURN_TYPE = YES_ERROR;
				GCC_WARN_UNDECLARED_SELECTOR = YES;
				GCC_WARN_UNINITIALIZED_AUTOS = YES_AGGRESSIVE;
				GCC_WARN_UNUSED_FUNCTION = YES;
				GCC_WARN_UNUSED_VARIABLE = YES;
				IPHONEOS_DEPLOYMENT_TARGET = 12.0;
				MTL_ENABLE_DEBUG_INFO = INCLUDE_SOURCE;
				MTL_FAST_MATH = YES;
				ONLY_ACTIVE_ARCH = YES;
				SDKROOT = iphoneos;
				SWIFT_ACTIVE_COMPILATION_CONDITIONS = DEBUG;
				SWIFT_OPTIMIZATION_LEVEL = "-Onone";
			};
			name = Debug;
		};
		1F0B91532487D49C008DEEA7 /* Release */ = {
			isa = XCBuildConfiguration;
			buildSettings = {
				ALWAYS_SEARCH_USER_PATHS = NO;
				CLANG_ANALYZER_NONNULL = YES;
				CLANG_ANALYZER_NUMBER_OBJECT_CONVERSION = YES_AGGRESSIVE;
				CLANG_CXX_LANGUAGE_STANDARD = "gnu++14";
				CLANG_CXX_LIBRARY = "libc++";
				CLANG_ENABLE_MODULES = YES;
				CLANG_ENABLE_OBJC_ARC = YES;
				CLANG_ENABLE_OBJC_WEAK = YES;
				CLANG_WARN_BLOCK_CAPTURE_AUTORELEASING = YES;
				CLANG_WARN_BOOL_CONVERSION = YES;
				CLANG_WARN_COMMA = YES;
				CLANG_WARN_CONSTANT_CONVERSION = YES;
				CLANG_WARN_DEPRECATED_OBJC_IMPLEMENTATIONS = YES;
				CLANG_WARN_DIRECT_OBJC_ISA_USAGE = YES_ERROR;
				CLANG_WARN_DOCUMENTATION_COMMENTS = YES;
				CLANG_WARN_EMPTY_BODY = YES;
				CLANG_WARN_ENUM_CONVERSION = YES;
				CLANG_WARN_INFINITE_RECURSION = YES;
				CLANG_WARN_INT_CONVERSION = YES;
				CLANG_WARN_NON_LITERAL_NULL_CONVERSION = YES;
				CLANG_WARN_OBJC_IMPLICIT_RETAIN_SELF = YES;
				CLANG_WARN_OBJC_LITERAL_CONVERSION = YES;
				CLANG_WARN_OBJC_ROOT_CLASS = YES_ERROR;
				CLANG_WARN_RANGE_LOOP_ANALYSIS = YES;
				CLANG_WARN_STRICT_PROTOTYPES = YES;
				CLANG_WARN_SUSPICIOUS_MOVE = YES;
				CLANG_WARN_UNGUARDED_AVAILABILITY = YES_AGGRESSIVE;
				CLANG_WARN_UNREACHABLE_CODE = YES;
				CLANG_WARN__DUPLICATE_METHOD_MATCH = YES;
				CODE_SIGN_IDENTITY = "iPhone Developer";
				COPY_PHASE_STRIP = NO;
				DEBUG_INFORMATION_FORMAT = "dwarf-with-dsym";
				ENABLE_NS_ASSERTIONS = NO;
				ENABLE_STRICT_OBJC_MSGSEND = YES;
				GCC_C_LANGUAGE_STANDARD = gnu11;
				GCC_NO_COMMON_BLOCKS = YES;
				GCC_WARN_64_TO_32_BIT_CONVERSION = YES;
				GCC_WARN_ABOUT_RETURN_TYPE = YES_ERROR;
				GCC_WARN_UNDECLARED_SELECTOR = YES;
				GCC_WARN_UNINITIALIZED_AUTOS = YES_AGGRESSIVE;
				GCC_WARN_UNUSED_FUNCTION = YES;
				GCC_WARN_UNUSED_VARIABLE = YES;
				IPHONEOS_DEPLOYMENT_TARGET = 12.0;
				MTL_ENABLE_DEBUG_INFO = NO;
				MTL_FAST_MATH = YES;
				SDKROOT = iphoneos;
				SWIFT_COMPILATION_MODE = wholemodule;
				SWIFT_OPTIMIZATION_LEVEL = "-O";
				VALIDATE_PRODUCT = YES;
			};
			name = Release;
		};
		1F0B91552487D49C008DEEA7 /* Debug */ = {
			isa = XCBuildConfiguration;
			buildSettings = {
				ASSETCATALOG_COMPILER_APPICON_NAME = AppIcon;
				CODE_SIGN_STYLE = Automatic;
				INFOPLIST_FILE = kp/Info.plist;
				LD_RUNPATH_SEARCH_PATHS = (
					"$(inherited)",
					"@executable_path/Frameworks",
				);
				PRODUCT_BUNDLE_IDENTIFIER = "-.kp";
				PRODUCT_NAME = "$(TARGET_NAME)";
				SWIFT_VERSION = 4.2;
				TARGETED_DEVICE_FAMILY = "1,2";
			};
			name = Debug;
		};
		1F0B91562487D49C008DEEA7 /* Release */ = {
			isa = XCBuildConfiguration;
			buildSettings = {
				ASSETCATALOG_COMPILER_APPICON_NAME = AppIcon;
				CODE_SIGN_STYLE = Automatic;
				INFOPLIST_FILE = kp/Info.plist;
				LD_RUNPATH_SEARCH_PATHS = (
					"$(inherited)",
					"@executable_path/Frameworks",
				);
				PRODUCT_BUNDLE_IDENTIFIER = "-.kp";
				PRODUCT_NAME = "$(TARGET_NAME)";
				SWIFT_VERSION = 4.2;
				TARGETED_DEVICE_FAMILY = "1,2";
			};
			name = Release;
		};
		1F0B91582487D49C008DEEA7 /* Debug */ = {
			isa = XCBuildConfiguration;
			buildSettings = {
				ALWAYS_EMBED_SWIFT_STANDARD_LIBRARIES = YES;
				BUNDLE_LOADER = "$(TEST_HOST)";
				CODE_SIGN_STYLE = Automatic;
				INFOPLIST_FILE = kpTests/Info.plist;
				LD_RUNPATH_SEARCH_PATHS = (
					"$(inherited)",
					"@executable_path/Frameworks",
					"@loader_path/Frameworks",
				);
				PRODUCT_BUNDLE_IDENTIFIER = "-.kpTests";
				PRODUCT_NAME = "$(TARGET_NAME)";
				SWIFT_VERSION = 4.2;
				TARGETED_DEVICE_FAMILY = "1,2";
				TEST_HOST = "$(BUILT_PRODUCTS_DIR)/kp.app/kp";
			};
			name = Debug;
		};
		1F0B91592487D49C008DEEA7 /* Release */ = {
			isa = XCBuildConfiguration;
			buildSettings = {
				ALWAYS_EMBED_SWIFT_STANDARD_LIBRARIES = YES;
				BUNDLE_LOADER = "$(TEST_HOST)";
				CODE_SIGN_STYLE = Automatic;
				INFOPLIST_FILE = kpTests/Info.plist;
				LD_RUNPATH_SEARCH_PATHS = (
					"$(inherited)",
					"@executable_path/Frameworks",
					"@loader_path/Frameworks",
				);
				PRODUCT_BUNDLE_IDENTIFIER = "-.kpTests";
				PRODUCT_NAME = "$(TARGET_NAME)";
				SWIFT_VERSION = 4.2;
				TARGETED_DEVICE_FAMILY = "1,2";
				TEST_HOST = "$(BUILT_PRODUCTS_DIR)/kp.app/kp";
			};
			name = Release;
		};
		1F0B915B2487D49C008DEEA7 /* Debug */ = {
			isa = XCBuildConfiguration;
			buildSettings = {
				ALWAYS_EMBED_SWIFT_STANDARD_LIBRARIES = YES;
				CODE_SIGN_STYLE = Automatic;
				INFOPLIST_FILE = kpUITests/Info.plist;
				LD_RUNPATH_SEARCH_PATHS = (
					"$(inherited)",
					"@executable_path/Frameworks",
					"@loader_path/Frameworks",
				);
				PRODUCT_BUNDLE_IDENTIFIER = "-.kpUITests";
				PRODUCT_NAME = "$(TARGET_NAME)";
				SWIFT_VERSION = 4.2;
				TARGETED_DEVICE_FAMILY = "1,2";
				TEST_TARGET_NAME = kp;
			};
			name = Debug;
		};
		1F0B915C2487D49C008DEEA7 /* Release */ = {
			isa = XCBuildConfiguration;
			buildSettings = {
				ALWAYS_EMBED_SWIFT_STANDARD_LIBRARIES = YES;
				CODE_SIGN_STYLE = Automatic;
				INFOPLIST_FILE = kpUITests/Info.plist;
				LD_RUNPATH_SEARCH_PATHS = (
					"$(inherited)",
					"@executable_path/Frameworks",
					"@loader_path/Frameworks",
				);
				PRODUCT_BUNDLE_IDENTIFIER = "-.kpUITests";
				PRODUCT_NAME = "$(TARGET_NAME)";
				SWIFT_VERSION = 4.2;
				TARGETED_DEVICE_FAMILY = "1,2";
				TEST_TARGET_NAME = kp;
			};
			name = Release;
		};
/* End XCBuildConfiguration section */

/* Begin XCConfigurationList section */
		1F0B91272487D49A008DEEA7 /* Build configuration list for PBXProject "kp" */ = {
			isa = XCConfigurationList;
			buildConfigurations = (
				1F0B91522487D49C008DEEA7 /* Debug */,
				1F0B91532487D49C008DEEA7 /* Release */,
			);
			defaultConfigurationIsVisible = 0;
			defaultConfigurationName = Release;
		};
		1F0B91542487D49C008DEEA7 /* Build configuration list for PBXNativeTarget "kp" */ = {
			isa = XCConfigurationList;
			buildConfigurations = (
				1F0B91552487D49C008DEEA7 /* Debug */,
				1F0B91562487D49C008DEEA7 /* Release */,
			);
			defaultConfigurationIsVisible = 0;
			defaultConfigurationName = Release;
		};
		1F0B91572487D49C008DEEA7 /* Build configuration list for PBXNativeTarget "kpTests" */ = {
			isa = XCConfigurationList;
			buildConfigurations = (
				1F0B91582487D49C008DEEA7 /* Debug */,
				1F0B91592487D49C008DEEA7 /* Release */,
			);
			defaultConfigurationIsVisible = 0;
			defaultConfigurationName = Release;
		};
		1F0B915A2487D49C008DEEA7 /* Build configuration list for PBXNativeTarget "kpUITests" */ = {
			isa = XCConfigurationList;
			buildConfigurations = (
				1F0B915B2487D49C008DEEA7 /* Debug */,
				1F0B915C2487D49C008DEEA7 /* Release */,
			);
			defaultConfigurationIsVisible = 0;
			defaultConfigurationName = Release;
		};
/* End XCConfigurationList section */
	};
	rootObject = 1F0B91242487D49A008DEEA7 /* Project object */;
}
